// !$*UTF8*$!
{
	archiveVersion = 1;
	classes = {
	};
	objectVersion = 56;
	objects = {

/* Begin PBXBuildFile section */
		1BA8D9B92AE290D7008FBB3F /* NominationsApp.swift in Sources */ = {isa = PBXBuildFile; fileRef = 1BA8D9B82AE290D7008FBB3F /* NominationsApp.swift */; };
		1BA8D9C02AE290DA008FBB3F /* Preview Assets.xcassets in Resources */ = {isa = PBXBuildFile; fileRef = 1BA8D9BF2AE290DA008FBB3F /* Preview Assets.xcassets */; };
		1BA8D9E22AE29ACD008FBB3F /* CubeFoundation in Frameworks */ = {isa = PBXBuildFile; productRef = 1BA8D9E12AE29ACD008FBB3F /* CubeFoundation */; };
		1BA8D9E42AE29ACD008FBB3F /* CubeFoundationSwiftUI in Frameworks */ = {isa = PBXBuildFile; productRef = 1BA8D9E32AE29ACD008FBB3F /* CubeFoundationSwiftUI */; };
		252143D22AF6DD9B0097D3C5 /* ActionButtonProtocol.swift in Sources */ = {isa = PBXBuildFile; fileRef = 252143D12AF6DD9B0097D3C5 /* ActionButtonProtocol.swift */; };
		252143D82AF6DEAB0097D3C5 /* NominationViewModelProtocol.swift in Sources */ = {isa = PBXBuildFile; fileRef = 252143D72AF6DEAB0097D3C5 /* NominationViewModelProtocol.swift */; };
		252143DA2AF6DF1B0097D3C5 /* ActionButtonViewModel.swift in Sources */ = {isa = PBXBuildFile; fileRef = 252143D92AF6DF1B0097D3C5 /* ActionButtonViewModel.swift */; };
		252143DC2AF6DF330097D3C5 /*  NominationViewModel.swift in Sources */ = {isa = PBXBuildFile; fileRef = 252143DB2AF6DF330097D3C5 /*  NominationViewModel.swift */; };
		252143DE2AF6DF4B0097D3C5 /* RadioButtonViewModel.swift in Sources */ = {isa = PBXBuildFile; fileRef = 252143DD2AF6DF4B0097D3C5 /* RadioButtonViewModel.swift */; };
		252143E02AF6DF6E0097D3C5 /* NominationFlow.swift in Sources */ = {isa = PBXBuildFile; fileRef = 252143DF2AF6DF6E0097D3C5 /* NominationFlow.swift */; };
		252143E22AF6DF940097D3C5 /* NominationFlowCoordinator.swift in Sources */ = {isa = PBXBuildFile; fileRef = 252143E12AF6DF940097D3C5 /* NominationFlowCoordinator.swift */; };
		252143E42AF6DFD40097D3C5 /* NominationStatus.swift in Sources */ = {isa = PBXBuildFile; fileRef = 252143E32AF6DFD40097D3C5 /* NominationStatus.swift */; };
		252143E62AF6DFEC0097D3C5 /* NominationType.swift in Sources */ = {isa = PBXBuildFile; fileRef = 252143E52AF6DFEC0097D3C5 /* NominationType.swift */; };
		252143E82AF6E0350097D3C5 /* AreYouSureModal.swift in Sources */ = {isa = PBXBuildFile; fileRef = 252143E72AF6E0350097D3C5 /* AreYouSureModal.swift */; };
		252143EA2AF6E05A0097D3C5 /* CustomButtonView.swift in Sources */ = {isa = PBXBuildFile; fileRef = 252143E92AF6E05A0097D3C5 /* CustomButtonView.swift */; };
		252143EC2AF6E0730097D3C5 /* EmptyStateView.swift in Sources */ = {isa = PBXBuildFile; fileRef = 252143EB2AF6E0730097D3C5 /* EmptyStateView.swift */; };
		252143EE2AF6E0880097D3C5 /* HeaderBarView.swift in Sources */ = {isa = PBXBuildFile; fileRef = 252143ED2AF6E0880097D3C5 /* HeaderBarView.swift */; };
		252143F02AF6E0A40097D3C5 /* NominationsHeaderView.swift in Sources */ = {isa = PBXBuildFile; fileRef = 252143EF2AF6E0A40097D3C5 /* NominationsHeaderView.swift */; };
		252143F22AF6E0C60097D3C5 /* PickerView.swift in Sources */ = {isa = PBXBuildFile; fileRef = 252143F12AF6E0C60097D3C5 /* PickerView.swift */; };
		252143F42AF6E0E30097D3C5 /* RadioButtonView.swift in Sources */ = {isa = PBXBuildFile; fileRef = 252143F32AF6E0E30097D3C5 /* RadioButtonView.swift */; };
		252143F72AF6E6BA0097D3C5 /* Nominee.swift in Sources */ = {isa = PBXBuildFile; fileRef = 252143F62AF6E6BA0097D3C5 /* Nominee.swift */; };
		252143F92AF6EBD70097D3C5 /* NomineeManager.swift in Sources */ = {isa = PBXBuildFile; fileRef = 252143F82AF6EBD70097D3C5 /* NomineeManager.swift */; };
		2522DB4D2AF6D1EF004C3EAA /* NominationFormView.swift in Sources */ = {isa = PBXBuildFile; fileRef = 2522DB4A2AF6D1EE004C3EAA /* NominationFormView.swift */; };
		2522DB4E2AF6D1EF004C3EAA /* ContentView.swift in Sources */ = {isa = PBXBuildFile; fileRef = 2522DB4B2AF6D1EF004C3EAA /* ContentView.swift */; };
		2522DB4F2AF6D1EF004C3EAA /* NominationSubmittedView.swift in Sources */ = {isa = PBXBuildFile; fileRef = 2522DB4C2AF6D1EF004C3EAA /* NominationSubmittedView.swift */; };
		25AF2D0A2AF821F700E764AA /* Poppins-Light.ttf in Resources */ = {isa = PBXBuildFile; fileRef = 252144052AF81CE70097D3C5 /* Poppins-Light.ttf */; };
		25AF2D0B2AF821FA00E764AA /* Poppins-Medium.ttf in Resources */ = {isa = PBXBuildFile; fileRef = 252144062AF81CE70097D3C5 /* Poppins-Medium.ttf */; };
		25AF2D0C2AF821FD00E764AA /* Poppins-Regular.ttf in Resources */ = {isa = PBXBuildFile; fileRef = 252144072AF81CE70097D3C5 /* Poppins-Regular.ttf */; };
		25AF2D0D2AF821FF00E764AA /* Poppins-Bold.ttf in Resources */ = {isa = PBXBuildFile; fileRef = 252144082AF81CE70097D3C5 /* Poppins-Bold.ttf */; };
		25AF2D0E2AF8220200E764AA /* Poppins-SemiBold.ttf in Resources */ = {isa = PBXBuildFile; fileRef = 252144092AF81CE70097D3C5 /* Poppins-SemiBold.ttf */; };
		25AF2D0F2AF8220400E764AA /* AnonymousPro-Bold.ttf in Resources */ = {isa = PBXBuildFile; fileRef = 252144022AF81CE70097D3C5 /* AnonymousPro-Bold.ttf */; };
		25AF2D102AF8220700E764AA /* AnonymousPro-Regular.ttf in Resources */ = {isa = PBXBuildFile; fileRef = 252144032AF81CE70097D3C5 /* AnonymousPro-Regular.ttf */; };
		25CCFE862AF6DC5A003E2CEC /* View+Styles.swift in Sources */ = {isa = PBXBuildFile; fileRef = 25CCFE852AF6DC5A003E2CEC /* View+Styles.swift */; };
		25CCFE8B2AF6DC72003E2CEC /* FigmaShadow+Shadows.swift in Sources */ = {isa = PBXBuildFile; fileRef = 25CCFE8A2AF6DC72003E2CEC /* FigmaShadow+Shadows.swift */; };
		25CCFE8C2AF6DC72003E2CEC /* FontName+Names.swift in Sources */ = {isa = PBXBuildFile; fileRef = 25CCFE872AF6DC72003E2CEC /* FontName+Names.swift */; };
		25CCFE8D2AF6DC72003E2CEC /* TextStyle+Styles.swift in Sources */ = {isa = PBXBuildFile; fileRef = 25CCFE882AF6DC72003E2CEC /* TextStyle+Styles.swift */; };
		25CCFE8E2AF6DC72003E2CEC /* Defaults+Strings.swift in Sources */ = {isa = PBXBuildFile; fileRef = 25CCFE892AF6DC72003E2CEC /* Defaults+Strings.swift */; };
/* End PBXBuildFile section */

/* Begin PBXFileReference section */
		1BA8D9B52AE290D7008FBB3F /* Nominations.app */ = {isa = PBXFileReference; explicitFileType = wrapper.application; includeInIndex = 0; path = Nominations.app; sourceTree = BUILT_PRODUCTS_DIR; };
		1BA8D9B82AE290D7008FBB3F /* NominationsApp.swift */ = {isa = PBXFileReference; lastKnownFileType = sourcecode.swift; path = NominationsApp.swift; sourceTree = "<group>"; };
		1BA8D9BF2AE290DA008FBB3F /* Preview Assets.xcassets */ = {isa = PBXFileReference; lastKnownFileType = folder.assetcatalog; path = "Preview Assets.xcassets"; sourceTree = "<group>"; };
		1BA8D9DD2AE2962B008FBB3F /* Info.plist */ = {isa = PBXFileReference; lastKnownFileType = text.plist; path = Info.plist; sourceTree = "<group>"; };
		252143D12AF6DD9B0097D3C5 /* ActionButtonProtocol.swift */ = {isa = PBXFileReference; lastKnownFileType = sourcecode.swift; path = ActionButtonProtocol.swift; sourceTree = "<group>"; };
		252143D72AF6DEAB0097D3C5 /* NominationViewModelProtocol.swift */ = {isa = PBXFileReference; lastKnownFileType = sourcecode.swift; path = NominationViewModelProtocol.swift; sourceTree = "<group>"; };
		252143D92AF6DF1B0097D3C5 /* ActionButtonViewModel.swift */ = {isa = PBXFileReference; lastKnownFileType = sourcecode.swift; path = ActionButtonViewModel.swift; sourceTree = "<group>"; };
		252143DB2AF6DF330097D3C5 /*  NominationViewModel.swift */ = {isa = PBXFileReference; lastKnownFileType = sourcecode.swift; path = " NominationViewModel.swift"; sourceTree = "<group>"; };
		252143DD2AF6DF4B0097D3C5 /* RadioButtonViewModel.swift */ = {isa = PBXFileReference; lastKnownFileType = sourcecode.swift; path = RadioButtonViewModel.swift; sourceTree = "<group>"; };
		252143DF2AF6DF6E0097D3C5 /* NominationFlow.swift */ = {isa = PBXFileReference; lastKnownFileType = sourcecode.swift; path = NominationFlow.swift; sourceTree = "<group>"; };
		252143E12AF6DF940097D3C5 /* NominationFlowCoordinator.swift */ = {isa = PBXFileReference; lastKnownFileType = sourcecode.swift; path = NominationFlowCoordinator.swift; sourceTree = "<group>"; };
		252143E32AF6DFD40097D3C5 /* NominationStatus.swift */ = {isa = PBXFileReference; lastKnownFileType = sourcecode.swift; path = NominationStatus.swift; sourceTree = "<group>"; };
		252143E52AF6DFEC0097D3C5 /* NominationType.swift */ = {isa = PBXFileReference; lastKnownFileType = sourcecode.swift; path = NominationType.swift; sourceTree = "<group>"; };
		252143E72AF6E0350097D3C5 /* AreYouSureModal.swift */ = {isa = PBXFileReference; lastKnownFileType = sourcecode.swift; path = AreYouSureModal.swift; sourceTree = "<group>"; };
		252143E92AF6E05A0097D3C5 /* CustomButtonView.swift */ = {isa = PBXFileReference; lastKnownFileType = sourcecode.swift; path = CustomButtonView.swift; sourceTree = "<group>"; };
		252143EB2AF6E0730097D3C5 /* EmptyStateView.swift */ = {isa = PBXFileReference; lastKnownFileType = sourcecode.swift; path = EmptyStateView.swift; sourceTree = "<group>"; };
		252143ED2AF6E0880097D3C5 /* HeaderBarView.swift */ = {isa = PBXFileReference; lastKnownFileType = sourcecode.swift; path = HeaderBarView.swift; sourceTree = "<group>"; };
		252143EF2AF6E0A40097D3C5 /* NominationsHeaderView.swift */ = {isa = PBXFileReference; lastKnownFileType = sourcecode.swift; path = NominationsHeaderView.swift; sourceTree = "<group>"; };
		252143F12AF6E0C60097D3C5 /* PickerView.swift */ = {isa = PBXFileReference; lastKnownFileType = sourcecode.swift; path = PickerView.swift; sourceTree = "<group>"; };
		252143F32AF6E0E30097D3C5 /* RadioButtonView.swift */ = {isa = PBXFileReference; lastKnownFileType = sourcecode.swift; path = RadioButtonView.swift; sourceTree = "<group>"; };
		252143F62AF6E6BA0097D3C5 /* Nominee.swift */ = {isa = PBXFileReference; lastKnownFileType = sourcecode.swift; path = Nominee.swift; sourceTree = "<group>"; };
		252143F82AF6EBD70097D3C5 /* NomineeManager.swift */ = {isa = PBXFileReference; lastKnownFileType = sourcecode.swift; path = NomineeManager.swift; sourceTree = "<group>"; };
		252143FB2AF6EFC00097D3C5 /* Config.xcconfig */ = {isa = PBXFileReference; lastKnownFileType = text.xcconfig; path = Config.xcconfig; sourceTree = "<group>"; };
		252144022AF81CE70097D3C5 /* AnonymousPro-Bold.ttf */ = {isa = PBXFileReference; lastKnownFileType = file; path = "AnonymousPro-Bold.ttf"; sourceTree = "<group>"; };
		252144032AF81CE70097D3C5 /* AnonymousPro-Regular.ttf */ = {isa = PBXFileReference; lastKnownFileType = file; path = "AnonymousPro-Regular.ttf"; sourceTree = "<group>"; };
		252144052AF81CE70097D3C5 /* Poppins-Light.ttf */ = {isa = PBXFileReference; lastKnownFileType = file; path = "Poppins-Light.ttf"; sourceTree = "<group>"; };
		252144062AF81CE70097D3C5 /* Poppins-Medium.ttf */ = {isa = PBXFileReference; lastKnownFileType = file; path = "Poppins-Medium.ttf"; sourceTree = "<group>"; };
		252144072AF81CE70097D3C5 /* Poppins-Regular.ttf */ = {isa = PBXFileReference; lastKnownFileType = file; path = "Poppins-Regular.ttf"; sourceTree = "<group>"; };
		252144082AF81CE70097D3C5 /* Poppins-Bold.ttf */ = {isa = PBXFileReference; lastKnownFileType = file; path = "Poppins-Bold.ttf"; sourceTree = "<group>"; };
		252144092AF81CE70097D3C5 /* Poppins-SemiBold.ttf */ = {isa = PBXFileReference; lastKnownFileType = file; path = "Poppins-SemiBold.ttf"; sourceTree = "<group>"; };
		2522DB4A2AF6D1EE004C3EAA /* NominationFormView.swift */ = {isa = PBXFileReference; fileEncoding = 4; lastKnownFileType = sourcecode.swift; path = NominationFormView.swift; sourceTree = "<group>"; };
		2522DB4B2AF6D1EF004C3EAA /* ContentView.swift */ = {isa = PBXFileReference; fileEncoding = 4; lastKnownFileType = sourcecode.swift; path = ContentView.swift; sourceTree = "<group>"; };
		2522DB4C2AF6D1EF004C3EAA /* NominationSubmittedView.swift */ = {isa = PBXFileReference; fileEncoding = 4; lastKnownFileType = sourcecode.swift; path = NominationSubmittedView.swift; sourceTree = "<group>"; };
		2522DB542AF6D1F5004C3EAA /* Assets.xcassets */ = {isa = PBXFileReference; lastKnownFileType = folder.assetcatalog; path = Assets.xcassets; sourceTree = "<group>"; };
		25CCFE852AF6DC5A003E2CEC /* View+Styles.swift */ = {isa = PBXFileReference; fileEncoding = 4; lastKnownFileType = sourcecode.swift; path = "View+Styles.swift"; sourceTree = "<group>"; };
		25CCFE872AF6DC72003E2CEC /* FontName+Names.swift */ = {isa = PBXFileReference; lastKnownFileType = sourcecode.swift; path = "FontName+Names.swift"; sourceTree = "<group>"; };
		25CCFE882AF6DC72003E2CEC /* TextStyle+Styles.swift */ = {isa = PBXFileReference; lastKnownFileType = sourcecode.swift; path = "TextStyle+Styles.swift"; sourceTree = "<group>"; };
		25CCFE892AF6DC72003E2CEC /* Defaults+Strings.swift */ = {isa = PBXFileReference; lastKnownFileType = sourcecode.swift; path = "Defaults+Strings.swift"; sourceTree = "<group>"; };
		25CCFE8A2AF6DC72003E2CEC /* FigmaShadow+Shadows.swift */ = {isa = PBXFileReference; lastKnownFileType = sourcecode.swift; path = "FigmaShadow+Shadows.swift"; sourceTree = "<group>"; };
/* End PBXFileReference section */

/* Begin PBXFrameworksBuildPhase section */
		1BA8D9B22AE290D7008FBB3F /* Frameworks */ = {
			isa = PBXFrameworksBuildPhase;
			buildActionMask = 2147483647;
			files = (
				1BA8D9E42AE29ACD008FBB3F /* CubeFoundationSwiftUI in Frameworks */,
				1BA8D9E22AE29ACD008FBB3F /* CubeFoundation in Frameworks */,
			);
			runOnlyForDeploymentPostprocessing = 0;
		};
/* End PBXFrameworksBuildPhase section */

/* Begin PBXGroup section */
		1BA8D9AC2AE290D7008FBB3F = {
			isa = PBXGroup;
			children = (
				1BA8D9B72AE290D7008FBB3F /* Nominations */,
				1BA8D9B62AE290D7008FBB3F /* Products */,
				254397932AF6B89F00389169 /* Frameworks */,
			);
			sourceTree = "<group>";
		};
		1BA8D9B62AE290D7008FBB3F /* Products */ = {
			isa = PBXGroup;
			children = (
				1BA8D9B52AE290D7008FBB3F /* Nominations.app */,
			);
			name = Products;
			sourceTree = "<group>";
		};
		1BA8D9B72AE290D7008FBB3F /* Nominations */ = {
			isa = PBXGroup;
			children = (
				252143FA2AF6EF910097D3C5 /* Config */,
				2522DB482AF6D1D4004C3EAA /* External */,
				25CCFE772AF6DB5B003E2CEC /* Internal */,
				2522DB502AF6D1F5004C3EAA /* Resources */,
				1BA8D9DD2AE2962B008FBB3F /* Info.plist */,
				1BA8D9B82AE290D7008FBB3F /* NominationsApp.swift */,
				1BA8D9BE2AE290DA008FBB3F /* Preview Content */,
			);
			path = Nominations;
			sourceTree = "<group>";
		};
		1BA8D9BE2AE290DA008FBB3F /* Preview Content */ = {
			isa = PBXGroup;
			children = (
				1BA8D9BF2AE290DA008FBB3F /* Preview Assets.xcassets */,
			);
			path = "Preview Content";
			sourceTree = "<group>";
		};
		252143F52AF6E4500097D3C5 /* NominationsAPI */ = {
			isa = PBXGroup;
			children = (
				252143F62AF6E6BA0097D3C5 /* Nominee.swift */,
				252143F82AF6EBD70097D3C5 /* NomineeManager.swift */,
			);
			path = NominationsAPI;
			sourceTree = "<group>";
		};
		252143FA2AF6EF910097D3C5 /* Config */ = {
			isa = PBXGroup;
			children = (
				252143FB2AF6EFC00097D3C5 /* Config.xcconfig */,
			);
			path = Config;
			sourceTree = "<group>";
		};
		2522DB482AF6D1D4004C3EAA /* External */ = {
			isa = PBXGroup;
			children = (
				2522DB492AF6D1E4004C3EAA /* Views */,
			);
			path = External;
			sourceTree = "<group>";
		};
		2522DB492AF6D1E4004C3EAA /* Views */ = {
			isa = PBXGroup;
			children = (
				2522DB4B2AF6D1EF004C3EAA /* ContentView.swift */,
				2522DB4A2AF6D1EE004C3EAA /* NominationFormView.swift */,
				2522DB4C2AF6D1EF004C3EAA /* NominationSubmittedView.swift */,
			);
			path = Views;
			sourceTree = "<group>";
		};
		2522DB502AF6D1F5004C3EAA /* Resources */ = {
			isa = PBXGroup;
			children = (
				25AF2D082AF81F9C00E764AA /* Fonts */,
				25CCFE852AF6DC5A003E2CEC /* View+Styles.swift */,
				25CCFE892AF6DC72003E2CEC /* Defaults+Strings.swift */,
				25CCFE8A2AF6DC72003E2CEC /* FigmaShadow+Shadows.swift */,
				25CCFE872AF6DC72003E2CEC /* FontName+Names.swift */,
				25CCFE882AF6DC72003E2CEC /* TextStyle+Styles.swift */,
				2522DB542AF6D1F5004C3EAA /* Assets.xcassets */,
			);
			path = Resources;
			sourceTree = "<group>";
		};
		254397932AF6B89F00389169 /* Frameworks */ = {
			isa = PBXGroup;
			children = (
			);
			name = Frameworks;
			sourceTree = "<group>";
		};
		25AF2D072AF81F3300E764AA /* Anonymous Pro */ = {
			isa = PBXGroup;
			children = (
				252144022AF81CE70097D3C5 /* AnonymousPro-Bold.ttf */,
				252144032AF81CE70097D3C5 /* AnonymousPro-Regular.ttf */,
			);
			path = "Anonymous Pro";
			sourceTree = "<group>";
		};
		25AF2D082AF81F9C00E764AA /* Fonts */ = {
			isa = PBXGroup;
			children = (
				25AF2D092AF81FC700E764AA /* Poppins */,
				25AF2D072AF81F3300E764AA /* Anonymous Pro */,
			);
			path = Fonts;
			sourceTree = "<group>";
		};
		25AF2D092AF81FC700E764AA /* Poppins */ = {
			isa = PBXGroup;
			children = (
				252144052AF81CE70097D3C5 /* Poppins-Light.ttf */,
				252144062AF81CE70097D3C5 /* Poppins-Medium.ttf */,
				252144072AF81CE70097D3C5 /* Poppins-Regular.ttf */,
				252144082AF81CE70097D3C5 /* Poppins-Bold.ttf */,
				252144092AF81CE70097D3C5 /* Poppins-SemiBold.ttf */,
			);
			path = Poppins;
			sourceTree = "<group>";
		};
		25CCFE772AF6DB5B003E2CEC /* Internal */ = {
			isa = PBXGroup;
			children = (
				252143F52AF6E4500097D3C5 /* NominationsAPI */,
				25CCFE832AF6DBD3003E2CEC /* Protocols */,
				25CCFE7C2AF6DBBA003E2CEC /* ViewModels */,
				25CCFE7B2AF6DBA5003E2CEC /* Views */,
				25CCFE7A2AF6DB97003E2CEC /* Components */,
				25CCFE792AF6DB8D003E2CEC /* Logic */,
				25CCFE782AF6DB77003E2CEC /* Enums */,
			);
			path = Internal;
			sourceTree = "<group>";
		};
		25CCFE782AF6DB77003E2CEC /* Enums */ = {
			isa = PBXGroup;
			children = (
				252143E32AF6DFD40097D3C5 /* NominationStatus.swift */,
				252143E52AF6DFEC0097D3C5 /* NominationType.swift */,
			);
			path = Enums;
			sourceTree = "<group>";
		};
		25CCFE792AF6DB8D003E2CEC /* Logic */ = {
			isa = PBXGroup;
			children = (
				252143E12AF6DF940097D3C5 /* NominationFlowCoordinator.swift */,
			);
			path = Logic;
			sourceTree = "<group>";
		};
		25CCFE7A2AF6DB97003E2CEC /* Components */ = {
			isa = PBXGroup;
			children = (
				252143E72AF6E0350097D3C5 /* AreYouSureModal.swift */,
				252143E92AF6E05A0097D3C5 /* CustomButtonView.swift */,
				252143EB2AF6E0730097D3C5 /* EmptyStateView.swift */,
				252143ED2AF6E0880097D3C5 /* HeaderBarView.swift */,
				252143EF2AF6E0A40097D3C5 /* NominationsHeaderView.swift */,
				252143F12AF6E0C60097D3C5 /* PickerView.swift */,
				252143F32AF6E0E30097D3C5 /* RadioButtonView.swift */,
			);
			path = Components;
			sourceTree = "<group>";
		};
		25CCFE7B2AF6DBA5003E2CEC /* Views */ = {
			isa = PBXGroup;
			children = (
				252143DF2AF6DF6E0097D3C5 /* NominationFlow.swift */,
			);
			path = Views;
			sourceTree = "<group>";
		};
		25CCFE7C2AF6DBBA003E2CEC /* ViewModels */ = {
			isa = PBXGroup;
			children = (
				252143D92AF6DF1B0097D3C5 /* ActionButtonViewModel.swift */,
				252143DB2AF6DF330097D3C5 /*  NominationViewModel.swift */,
				252143DD2AF6DF4B0097D3C5 /* RadioButtonViewModel.swift */,
			);
			path = ViewModels;
			sourceTree = "<group>";
		};
		25CCFE832AF6DBD3003E2CEC /* Protocols */ = {
			isa = PBXGroup;
			children = (
				252143D12AF6DD9B0097D3C5 /* ActionButtonProtocol.swift */,
				252143D72AF6DEAB0097D3C5 /* NominationViewModelProtocol.swift */,
			);
			path = Protocols;
			sourceTree = "<group>";
		};
/* End PBXGroup section */

/* Begin PBXNativeTarget section */
		1BA8D9B42AE290D7008FBB3F /* Nominations */ = {
			isa = PBXNativeTarget;
			buildConfigurationList = 1BA8D9C32AE290DA008FBB3F /* Build configuration list for PBXNativeTarget "Nominations" */;
			buildPhases = (
				1BA8D9B12AE290D7008FBB3F /* Sources */,
				1BA8D9B22AE290D7008FBB3F /* Frameworks */,
				1BA8D9B32AE290D7008FBB3F /* Resources */,
			);
			buildRules = (
			);
			dependencies = (
			);
			name = Nominations;
			packageProductDependencies = (
				1BA8D9E12AE29ACD008FBB3F /* CubeFoundation */,
				1BA8D9E32AE29ACD008FBB3F /* CubeFoundationSwiftUI */,
			);
			productName = Nominations;
			productReference = 1BA8D9B52AE290D7008FBB3F /* Nominations.app */;
			productType = "com.apple.product-type.application";
		};
/* End PBXNativeTarget section */

/* Begin PBXProject section */
		1BA8D9AD2AE290D7008FBB3F /* Project object */ = {
			isa = PBXProject;
			attributes = {
				BuildIndependentTargetsInParallel = 1;
				LastSwiftUpdateCheck = 1500;
				LastUpgradeCheck = 1500;
				ORGANIZATIONNAME = "3 Sided Cube (UK) Ltd";
				TargetAttributes = {
					1BA8D9B42AE290D7008FBB3F = {
						CreatedOnToolsVersion = 15.0;
					};
				};
			};
			buildConfigurationList = 1BA8D9B02AE290D7008FBB3F /* Build configuration list for PBXProject "Nominations" */;
			compatibilityVersion = "Xcode 14.0";
			developmentRegion = en;
			hasScannedForEncodings = 0;
			knownRegions = (
				en,
				Base,
			);
			mainGroup = 1BA8D9AC2AE290D7008FBB3F;
			packageReferences = (
				1BA8D9E02AE29ACD008FBB3F /* XCRemoteSwiftPackageReference "cubefoundation-ios" */,
			);
			productRefGroup = 1BA8D9B62AE290D7008FBB3F /* Products */;
			projectDirPath = "";
			projectRoot = "";
			targets = (
				1BA8D9B42AE290D7008FBB3F /* Nominations */,
			);
		};
/* End PBXProject section */

/* Begin PBXResourcesBuildPhase section */
		1BA8D9B32AE290D7008FBB3F /* Resources */ = {
			isa = PBXResourcesBuildPhase;
			buildActionMask = 2147483647;
			files = (
				25AF2D0B2AF821FA00E764AA /* Poppins-Medium.ttf in Resources */,
				1BA8D9C02AE290DA008FBB3F /* Preview Assets.xcassets in Resources */,
				25AF2D0D2AF821FF00E764AA /* Poppins-Bold.ttf in Resources */,
				25AF2D0E2AF8220200E764AA /* Poppins-SemiBold.ttf in Resources */,
				25AF2D0A2AF821F700E764AA /* Poppins-Light.ttf in Resources */,
				25AF2D102AF8220700E764AA /* AnonymousPro-Regular.ttf in Resources */,
				25AF2D0C2AF821FD00E764AA /* Poppins-Regular.ttf in Resources */,
				25AF2D0F2AF8220400E764AA /* AnonymousPro-Bold.ttf in Resources */,
			);
			runOnlyForDeploymentPostprocessing = 0;
		};
/* End PBXResourcesBuildPhase section */

/* Begin PBXSourcesBuildPhase section */
		1BA8D9B12AE290D7008FBB3F /* Sources */ = {
			isa = PBXSourcesBuildPhase;
			buildActionMask = 2147483647;
			files = (
				252143DA2AF6DF1B0097D3C5 /* ActionButtonViewModel.swift in Sources */,
				252143F72AF6E6BA0097D3C5 /* Nominee.swift in Sources */,
				252143D22AF6DD9B0097D3C5 /* ActionButtonProtocol.swift in Sources */,
				252143E22AF6DF940097D3C5 /* NominationFlowCoordinator.swift in Sources */,
				252143DC2AF6DF330097D3C5 /*  NominationViewModel.swift in Sources */,
				2522DB4F2AF6D1EF004C3EAA /* NominationSubmittedView.swift in Sources */,
				252143F02AF6E0A40097D3C5 /* NominationsHeaderView.swift in Sources */,
				252143D82AF6DEAB0097D3C5 /* NominationViewModelProtocol.swift in Sources */,
				252143EC2AF6E0730097D3C5 /* EmptyStateView.swift in Sources */,
				25CCFE8B2AF6DC72003E2CEC /* FigmaShadow+Shadows.swift in Sources */,
				252143F92AF6EBD70097D3C5 /* NomineeManager.swift in Sources */,
				252143E62AF6DFEC0097D3C5 /* NominationType.swift in Sources */,
				252143EE2AF6E0880097D3C5 /* HeaderBarView.swift in Sources */,
				252143E42AF6DFD40097D3C5 /* NominationStatus.swift in Sources */,
				252143E82AF6E0350097D3C5 /* AreYouSureModal.swift in Sources */,
				25CCFE8E2AF6DC72003E2CEC /* Defaults+Strings.swift in Sources */,
				252143E02AF6DF6E0097D3C5 /* NominationFlow.swift in Sources */,
				25CCFE8C2AF6DC72003E2CEC /* FontName+Names.swift in Sources */,
				2522DB4D2AF6D1EF004C3EAA /* NominationFormView.swift in Sources */,
				25CCFE8D2AF6DC72003E2CEC /* TextStyle+Styles.swift in Sources */,
				252143EA2AF6E05A0097D3C5 /* CustomButtonView.swift in Sources */,
				252143F42AF6E0E30097D3C5 /* RadioButtonView.swift in Sources */,
				252143DE2AF6DF4B0097D3C5 /* RadioButtonViewModel.swift in Sources */,
				252143F22AF6E0C60097D3C5 /* PickerView.swift in Sources */,
				1BA8D9B92AE290D7008FBB3F /* NominationsApp.swift in Sources */,
				25CCFE862AF6DC5A003E2CEC /* View+Styles.swift in Sources */,
				2522DB4E2AF6D1EF004C3EAA /* ContentView.swift in Sources */,
			);
			runOnlyForDeploymentPostprocessing = 0;
		};
/* End PBXSourcesBuildPhase section */

/* Begin XCBuildConfiguration section */
		1BA8D9C12AE290DA008FBB3F /* Debug */ = {
			isa = XCBuildConfiguration;
			buildSettings = {
				ALWAYS_SEARCH_USER_PATHS = NO;
				ASSETCATALOG_COMPILER_GENERATE_SWIFT_ASSET_SYMBOL_EXTENSIONS = YES;
				CLANG_ANALYZER_NONNULL = YES;
				CLANG_ANALYZER_NUMBER_OBJECT_CONVERSION = YES_AGGRESSIVE;
				CLANG_CXX_LANGUAGE_STANDARD = "gnu++20";
				CLANG_ENABLE_MODULES = YES;
				CLANG_ENABLE_OBJC_ARC = YES;
				CLANG_ENABLE_OBJC_WEAK = YES;
				CLANG_WARN_BLOCK_CAPTURE_AUTORELEASING = YES;
				CLANG_WARN_BOOL_CONVERSION = YES;
				CLANG_WARN_COMMA = YES;
				CLANG_WARN_CONSTANT_CONVERSION = YES;
				CLANG_WARN_DEPRECATED_OBJC_IMPLEMENTATIONS = YES;
				CLANG_WARN_DIRECT_OBJC_ISA_USAGE = YES_ERROR;
				CLANG_WARN_DOCUMENTATION_COMMENTS = YES;
				CLANG_WARN_EMPTY_BODY = YES;
				CLANG_WARN_ENUM_CONVERSION = YES;
				CLANG_WARN_INFINITE_RECURSION = YES;
				CLANG_WARN_INT_CONVERSION = YES;
				CLANG_WARN_NON_LITERAL_NULL_CONVERSION = YES;
				CLANG_WARN_OBJC_IMPLICIT_RETAIN_SELF = YES;
				CLANG_WARN_OBJC_LITERAL_CONVERSION = YES;
				CLANG_WARN_OBJC_ROOT_CLASS = YES_ERROR;
				CLANG_WARN_QUOTED_INCLUDE_IN_FRAMEWORK_HEADER = YES;
				CLANG_WARN_RANGE_LOOP_ANALYSIS = YES;
				CLANG_WARN_STRICT_PROTOTYPES = YES;
				CLANG_WARN_SUSPICIOUS_MOVE = YES;
				CLANG_WARN_UNGUARDED_AVAILABILITY = YES_AGGRESSIVE;
				CLANG_WARN_UNREACHABLE_CODE = YES;
				CLANG_WARN__DUPLICATE_METHOD_MATCH = YES;
				COPY_PHASE_STRIP = NO;
				DEBUG_INFORMATION_FORMAT = dwarf;
				ENABLE_STRICT_OBJC_MSGSEND = YES;
				ENABLE_TESTABILITY = YES;
				ENABLE_USER_SCRIPT_SANDBOXING = YES;
				GCC_C_LANGUAGE_STANDARD = gnu17;
				GCC_DYNAMIC_NO_PIC = NO;
				GCC_NO_COMMON_BLOCKS = YES;
				GCC_OPTIMIZATION_LEVEL = 0;
				GCC_PREPROCESSOR_DEFINITIONS = (
					"DEBUG=1",
					"$(inherited)",
				);
				GCC_WARN_64_TO_32_BIT_CONVERSION = YES;
				GCC_WARN_ABOUT_RETURN_TYPE = YES_ERROR;
				GCC_WARN_UNDECLARED_SELECTOR = YES;
				GCC_WARN_UNINITIALIZED_AUTOS = YES_AGGRESSIVE;
				GCC_WARN_UNUSED_FUNCTION = YES;
				GCC_WARN_UNUSED_VARIABLE = YES;
				IPHONEOS_DEPLOYMENT_TARGET = 17.0;
				LOCALIZATION_PREFERS_STRING_CATALOGS = YES;
				MTL_ENABLE_DEBUG_INFO = INCLUDE_SOURCE;
				MTL_FAST_MATH = YES;
				ONLY_ACTIVE_ARCH = YES;
				SDKROOT = iphoneos;
				SWIFT_ACTIVE_COMPILATION_CONDITIONS = "DEBUG $(inherited)";
				SWIFT_OPTIMIZATION_LEVEL = "-Onone";
			};
			name = Debug;
		};
		1BA8D9C22AE290DA008FBB3F /* Release */ = {
			isa = XCBuildConfiguration;
			buildSettings = {
				ALWAYS_SEARCH_USER_PATHS = NO;
				ASSETCATALOG_COMPILER_GENERATE_SWIFT_ASSET_SYMBOL_EXTENSIONS = YES;
				CLANG_ANALYZER_NONNULL = YES;
				CLANG_ANALYZER_NUMBER_OBJECT_CONVERSION = YES_AGGRESSIVE;
				CLANG_CXX_LANGUAGE_STANDARD = "gnu++20";
				CLANG_ENABLE_MODULES = YES;
				CLANG_ENABLE_OBJC_ARC = YES;
				CLANG_ENABLE_OBJC_WEAK = YES;
				CLANG_WARN_BLOCK_CAPTURE_AUTORELEASING = YES;
				CLANG_WARN_BOOL_CONVERSION = YES;
				CLANG_WARN_COMMA = YES;
				CLANG_WARN_CONSTANT_CONVERSION = YES;
				CLANG_WARN_DEPRECATED_OBJC_IMPLEMENTATIONS = YES;
				CLANG_WARN_DIRECT_OBJC_ISA_USAGE = YES_ERROR;
				CLANG_WARN_DOCUMENTATION_COMMENTS = YES;
				CLANG_WARN_EMPTY_BODY = YES;
				CLANG_WARN_ENUM_CONVERSION = YES;
				CLANG_WARN_INFINITE_RECURSION = YES;
				CLANG_WARN_INT_CONVERSION = YES;
				CLANG_WARN_NON_LITERAL_NULL_CONVERSION = YES;
				CLANG_WARN_OBJC_IMPLICIT_RETAIN_SELF = YES;
				CLANG_WARN_OBJC_LITERAL_CONVERSION = YES;
				CLANG_WARN_OBJC_ROOT_CLASS = YES_ERROR;
				CLANG_WARN_QUOTED_INCLUDE_IN_FRAMEWORK_HEADER = YES;
				CLANG_WARN_RANGE_LOOP_ANALYSIS = YES;
				CLANG_WARN_STRICT_PROTOTYPES = YES;
				CLANG_WARN_SUSPICIOUS_MOVE = YES;
				CLANG_WARN_UNGUARDED_AVAILABILITY = YES_AGGRESSIVE;
				CLANG_WARN_UNREACHABLE_CODE = YES;
				CLANG_WARN__DUPLICATE_METHOD_MATCH = YES;
				COPY_PHASE_STRIP = NO;
				DEBUG_INFORMATION_FORMAT = "dwarf-with-dsym";
				ENABLE_NS_ASSERTIONS = NO;
				ENABLE_STRICT_OBJC_MSGSEND = YES;
				ENABLE_USER_SCRIPT_SANDBOXING = YES;
				GCC_C_LANGUAGE_STANDARD = gnu17;
				GCC_NO_COMMON_BLOCKS = YES;
				GCC_WARN_64_TO_32_BIT_CONVERSION = YES;
				GCC_WARN_ABOUT_RETURN_TYPE = YES_ERROR;
				GCC_WARN_UNDECLARED_SELECTOR = YES;
				GCC_WARN_UNINITIALIZED_AUTOS = YES_AGGRESSIVE;
				GCC_WARN_UNUSED_FUNCTION = YES;
				GCC_WARN_UNUSED_VARIABLE = YES;
				IPHONEOS_DEPLOYMENT_TARGET = 17.0;
				LOCALIZATION_PREFERS_STRING_CATALOGS = YES;
				MTL_ENABLE_DEBUG_INFO = NO;
				MTL_FAST_MATH = YES;
				SDKROOT = iphoneos;
				SWIFT_COMPILATION_MODE = wholemodule;
				VALIDATE_PRODUCT = YES;
			};
			name = Release;
		};
		1BA8D9C42AE290DA008FBB3F /* Debug */ = {
			isa = XCBuildConfiguration;
			buildSettings = {
				ASSETCATALOG_COMPILER_APPICON_NAME = AppIcon;
				ASSETCATALOG_COMPILER_GLOBAL_ACCENT_COLOR_NAME = AccentColor;
				CODE_SIGN_STYLE = Automatic;
				CURRENT_PROJECT_VERSION = 8;
				DEVELOPMENT_ASSET_PATHS = "\"Nominations/Preview Content\"";
				DEVELOPMENT_TEAM = 25H7BM6YWK;
				ENABLE_PREVIEWS = YES;
				GENERATE_INFOPLIST_FILE = YES;
				INFOPLIST_FILE = Nominations/Info.plist;
				INFOPLIST_KEY_UIApplicationSceneManifest_Generation = YES;
				INFOPLIST_KEY_UIApplicationSupportsIndirectInputEvents = YES;
				INFOPLIST_KEY_UILaunchScreen_Generation = YES;
				INFOPLIST_KEY_UIRequiresFullScreen = NO;
				INFOPLIST_KEY_UIStatusBarStyle = UIStatusBarStyleDarkContent;
				INFOPLIST_KEY_UISupportedInterfaceOrientations_iPad = "UIInterfaceOrientationPortrait UIInterfaceOrientationPortraitUpsideDown UIInterfaceOrientationLandscapeLeft UIInterfaceOrientationLandscapeRight";
				INFOPLIST_KEY_UISupportedInterfaceOrientations_iPhone = "UIInterfaceOrientationPortrait UIInterfaceOrientationLandscapeLeft UIInterfaceOrientationLandscapeRight";
				INFOPLIST_KEY_UIUserInterfaceStyle = Light;
				LD_RUNPATH_SEARCH_PATHS = (
					"$(inherited)",
					"@executable_path/Frameworks",
				);
				MARKETING_VERSION = 1.0;
				PRODUCT_BUNDLE_IDENTIFIER = com.3sidedcube.Nominations;
				PRODUCT_NAME = "$(TARGET_NAME)";
				SWIFT_EMIT_LOC_STRINGS = YES;
				SWIFT_VERSION = 5.0;
				TARGETED_DEVICE_FAMILY = "1,2";
			};
			name = Debug;
		};
		1BA8D9C52AE290DA008FBB3F /* Release */ = {
			isa = XCBuildConfiguration;
			buildSettings = {
				ASSETCATALOG_COMPILER_APPICON_NAME = AppIcon;
				ASSETCATALOG_COMPILER_GLOBAL_ACCENT_COLOR_NAME = AccentColor;
				CODE_SIGN_STYLE = Automatic;
				CURRENT_PROJECT_VERSION = 8;
				DEVELOPMENT_ASSET_PATHS = "\"Nominations/Preview Content\"";
				DEVELOPMENT_TEAM = 25H7BM6YWK;
				ENABLE_PREVIEWS = YES;
				GENERATE_INFOPLIST_FILE = YES;
				INFOPLIST_FILE = Nominations/Info.plist;
				INFOPLIST_KEY_UIApplicationSceneManifest_Generation = YES;
				INFOPLIST_KEY_UIApplicationSupportsIndirectInputEvents = YES;
				INFOPLIST_KEY_UILaunchScreen_Generation = YES;
				INFOPLIST_KEY_UIRequiresFullScreen = NO;
				INFOPLIST_KEY_UIStatusBarStyle = UIStatusBarStyleDarkContent;
				INFOPLIST_KEY_UISupportedInterfaceOrientations_iPad = "UIInterfaceOrientationPortrait UIInterfaceOrientationPortraitUpsideDown UIInterfaceOrientationLandscapeLeft UIInterfaceOrientationLandscapeRight";
				INFOPLIST_KEY_UISupportedInterfaceOrientations_iPhone = "UIInterfaceOrientationPortrait UIInterfaceOrientationLandscapeLeft UIInterfaceOrientationLandscapeRight";
				INFOPLIST_KEY_UIUserInterfaceStyle = Light;
				LD_RUNPATH_SEARCH_PATHS = (
					"$(inherited)",
					"@executable_path/Frameworks",
				);
				MARKETING_VERSION = 1.0;
				PRODUCT_BUNDLE_IDENTIFIER = com.3sidedcube.Nominations;
				PRODUCT_NAME = "$(TARGET_NAME)";
				SWIFT_EMIT_LOC_STRINGS = YES;
				SWIFT_VERSION = 5.0;
				TARGETED_DEVICE_FAMILY = "1,2";
			};
			name = Release;
		};
/* End XCBuildConfiguration section */

/* Begin XCConfigurationList section */
		1BA8D9B02AE290D7008FBB3F /* Build configuration list for PBXProject "Nominations" */ = {
			isa = XCConfigurationList;
			buildConfigurations = (
				1BA8D9C12AE290DA008FBB3F /* Debug */,
				1BA8D9C22AE290DA008FBB3F /* Release */,
			);
			defaultConfigurationIsVisible = 0;
			defaultConfigurationName = Release;
		};
		1BA8D9C32AE290DA008FBB3F /* Build configuration list for PBXNativeTarget "Nominations" */ = {
			isa = XCConfigurationList;
			buildConfigurations = (
				1BA8D9C42AE290DA008FBB3F /* Debug */,
				1BA8D9C52AE290DA008FBB3F /* Release */,
			);
			defaultConfigurationIsVisible = 0;
			defaultConfigurationName = Release;
		};
/* End XCConfigurationList section */

/* Begin XCRemoteSwiftPackageReference section */
		1BA8D9E02AE29ACD008FBB3F /* XCRemoteSwiftPackageReference "cubefoundation-ios" */ = {
			isa = XCRemoteSwiftPackageReference;
			repositoryURL = "https://github.com/3sidedcube/cubefoundation-ios.git";
			requirement = {
				branch = release/v1.1.0;
				kind = branch;
			};
		};
/* End XCRemoteSwiftPackageReference section */

/* Begin XCSwiftPackageProductDependency section */
		1BA8D9E12AE29ACD008FBB3F /* CubeFoundation */ = {
			isa = XCSwiftPackageProductDependency;
			package = 1BA8D9E02AE29ACD008FBB3F /* XCRemoteSwiftPackageReference "cubefoundation-ios" */;
			productName = CubeFoundation;
		};
		1BA8D9E32AE29ACD008FBB3F /* CubeFoundationSwiftUI */ = {
			isa = XCSwiftPackageProductDependency;
			package = 1BA8D9E02AE29ACD008FBB3F /* XCRemoteSwiftPackageReference "cubefoundation-ios" */;
			productName = CubeFoundationSwiftUI;
		};
/* End XCSwiftPackageProductDependency section */
	};
	rootObject = 1BA8D9AD2AE290D7008FBB3F /* Project object */;
}
